
Microsoft Visual Studio Solution File, Format Version 12.00
# Visual Studio Version 16
VisualStudioVersion = 16.0.30804.86
MinimumVisualStudioVersion = 10.0.40219.1
Project("{F184B08F-C81C-45F6-A57F-5ABD9991F28F}") = "Contador", "Contador\Contador.vbproj", "{E61C2842-39BF-4372-BFF2-07784497B7F6}"
EndProject
Global
	GlobalSection(SolutionConfigurationPlatforms) = preSolution
		Debug|Any CPU = Debug|Any CPU
		Release|Any CPU = Release|Any CPU
	EndGlobalSection
	GlobalSection(ProjectConfigurationPlatforms) = postSolution
		{E61C2842-39BF-4372-BFF2-07784497B7F6}.Debug|Any CPU.ActiveCfg = Debug|Any CPU
		{E61C2842-39BF-4372-BFF2-07784497B7F6}.Debug|Any CPU.Build.0 = Debug|Any CPU
		{E61C2842-39BF-4372-BFF2-07784497B7F6}.Release|Any CPU.ActiveCfg = Release|Any CPU
		{E61C2842-39BF-4372-BFF2-07784497B7F6}.Release|Any CPU.Build.0 = Release|Any CPU
	EndGlobalSection
	GlobalSection(SolutionProperties) = preSolution
		HideSolutionNode = FALSE
	EndGlobalSection
	GlobalSection(ExtensibilityGlobals) = postSolution
		SolutionGuid = {5C87E6AD-2B12-4855-9C55-1579F33E5DE4}
	EndGlobalSection
EndGlobal
